
Microsoft Visual Studio Solution File, Format Version 12.00
# Visual Studio Version 17
VisualStudioVersion = 17.5.002.0
MinimumVisualStudioVersion = 10.0.40219.1
Project("{9A19103F-16F7-4668-BE54-9A1E7A4F7556}") = "EFCoreBasic", "EFCoreBasic\EFCoreBasic.csproj", "{8ECF6FA0-64C3-4CD9-B5FA-883C9C909365}"
EndProject
Project("{2150E333-8FDC-42A3-9474-1A3956D46DE8}") = "Bootcamp", "Bootcamp", "{EBC4BD4C-DDFA-48E8-9922-E519DA9B4C61}"
EndProject
Project("{9A19103F-16F7-4668-BE54-9A1E7A4F7556}") = "Basics", "Bootcamp\Basics\Basics.csproj", "{D4E477D2-8A3A-4008-BD80-C1DFDBD1AE54}"
EndProject
Project("{9A19103F-16F7-4668-BE54-9A1E7A4F7556}") = "Inheritance", "Bootcamp\Inheritance\Inheritance.csproj", "{8954DC40-29E8-4466-80D0-5E7A74C49773}"
EndProject
Project("{FAE04EC0-301F-11D3-BF4B-00C04F79EFBC}") = "LINQ", "Bootcamp\LINQ\LINQ.csproj", "{83F85E00-E7D9-4286-999F-7FFE76C37595}"
EndProject
Project("{FAE04EC0-301F-11D3-BF4B-00C04F79EFBC}") = "Advance", "Bootcamp\Advance\Advance.csproj", "{CF6091F8-6057-46E8-9308-BA14DFD34046}"
EndProject
Project("{FAE04EC0-301F-11D3-BF4B-00C04F79EFBC}") = "DataStructures", "Bootcamp\DataStructures\DataStructures.csproj", "{F63430FA-E372-4B07-8E12-379DB36703E1}"
EndProject
Project("{FAE04EC0-301F-11D3-BF4B-00C04F79EFBC}") = "Example", "Bootcamp\Example\Example.csproj", "{0E987CD0-609E-4406-90CE-163CF1D39E6D}"
EndProject
Project("{FAE04EC0-301F-11D3-BF4B-00C04F79EFBC}") = "Generics", "Bootcamp\Generics\Generics.csproj", "{7EE09585-2AB6-4BCB-A593-DF8D6D830486}"
EndProject
Project("{FAE04EC0-301F-11D3-BF4B-00C04F79EFBC}") = "Interfaces", "Bootcamp\Interfaces\Interfaces.csproj", "{B4061962-9F9C-4FA3-847B-365DE7B0AE82}"
EndProject
Project("{FAE04EC0-301F-11D3-BF4B-00C04F79EFBC}") = "Methods", "Bootcamp\Methods\Methods.csproj", "{7F09486F-14C1-4913-BF70-D1A7B6287684}"
EndProject
Project("{FAE04EC0-301F-11D3-BF4B-00C04F79EFBC}") = "Polymorphsim", "Bootcamp\Polymorphsim\Polymorphsim.csproj", "{A0904FC8-62A3-47CA-8D67-D49537CFD28D}"
EndProject
Project("{FAE04EC0-301F-11D3-BF4B-00C04F79EFBC}") = "EMS", "EMS\EMS.csproj", "{F09BE09F-AF46-4A5E-ACD9-DE3F91381140}"
EndProject
Project("{FAE04EC0-301F-11D3-BF4B-00C04F79EFBC}") = "OurHeros", "OurHeros\OurHeros.csproj", "{DCE1CC4D-C8E9-4DEA-AB26-7899E3E1BB26}"
EndProject
Project("{FAE04EC0-301F-11D3-BF4B-00C04F79EFBC}") = "Threads", "Bootcamp\Threads\Threads.csproj", "{EFDA1C55-64BF-4916-9286-A1C2A9891A23}"
EndProject
Global
	GlobalSection(SolutionConfigurationPlatforms) = preSolution
		Debug|Any CPU = Debug|Any CPU
		Release|Any CPU = Release|Any CPU
	EndGlobalSection
	GlobalSection(ProjectConfigurationPlatforms) = postSolution
		{8ECF6FA0-64C3-4CD9-B5FA-883C9C909365}.Debug|Any CPU.ActiveCfg = Debug|Any CPU
		{8ECF6FA0-64C3-4CD9-B5FA-883C9C909365}.Debug|Any CPU.Build.0 = Debug|Any CPU
		{8ECF6FA0-64C3-4CD9-B5FA-883C9C909365}.Release|Any CPU.ActiveCfg = Release|Any CPU
		{8ECF6FA0-64C3-4CD9-B5FA-883C9C909365}.Release|Any CPU.Build.0 = Release|Any CPU
		{D4E477D2-8A3A-4008-BD80-C1DFDBD1AE54}.Debug|Any CPU.ActiveCfg = Debug|Any CPU
		{D4E477D2-8A3A-4008-BD80-C1DFDBD1AE54}.Debug|Any CPU.Build.0 = Debug|Any CPU
		{D4E477D2-8A3A-4008-BD80-C1DFDBD1AE54}.Release|Any CPU.ActiveCfg = Release|Any CPU
		{D4E477D2-8A3A-4008-BD80-C1DFDBD1AE54}.Release|Any CPU.Build.0 = Release|Any CPU
		{8954DC40-29E8-4466-80D0-5E7A74C49773}.Debug|Any CPU.ActiveCfg = Debug|Any CPU
		{8954DC40-29E8-4466-80D0-5E7A74C49773}.Debug|Any CPU.Build.0 = Debug|Any CPU
		{8954DC40-29E8-4466-80D0-5E7A74C49773}.Release|Any CPU.ActiveCfg = Release|Any CPU
		{8954DC40-29E8-4466-80D0-5E7A74C49773}.Release|Any CPU.Build.0 = Release|Any CPU
		{83F85E00-E7D9-4286-999F-7FFE76C37595}.Debug|Any CPU.ActiveCfg = Debug|Any CPU
		{83F85E00-E7D9-4286-999F-7FFE76C37595}.Debug|Any CPU.Build.0 = Debug|Any CPU
		{83F85E00-E7D9-4286-999F-7FFE76C37595}.Release|Any CPU.ActiveCfg = Release|Any CPU
		{83F85E00-E7D9-4286-999F-7FFE76C37595}.Release|Any CPU.Build.0 = Release|Any CPU
		{CF6091F8-6057-46E8-9308-BA14DFD34046}.Debug|Any CPU.ActiveCfg = Debug|Any CPU
		{CF6091F8-6057-46E8-9308-BA14DFD34046}.Debug|Any CPU.Build.0 = Debug|Any CPU
		{CF6091F8-6057-46E8-9308-BA14DFD34046}.Release|Any CPU.ActiveCfg = Release|Any CPU
		{CF6091F8-6057-46E8-9308-BA14DFD34046}.Release|Any CPU.Build.0 = Release|Any CPU
		{F63430FA-E372-4B07-8E12-379DB36703E1}.Debug|Any CPU.ActiveCfg = Debug|Any CPU
		{F63430FA-E372-4B07-8E12-379DB36703E1}.Debug|Any CPU.Build.0 = Debug|Any CPU
		{F63430FA-E372-4B07-8E12-379DB36703E1}.Release|Any CPU.ActiveCfg = Release|Any CPU
		{F63430FA-E372-4B07-8E12-379DB36703E1}.Release|Any CPU.Build.0 = Release|Any CPU
		{0E987CD0-609E-4406-90CE-163CF1D39E6D}.Debug|Any CPU.ActiveCfg = Debug|Any CPU
		{0E987CD0-609E-4406-90CE-163CF1D39E6D}.Debug|Any CPU.Build.0 = Debug|Any CPU
		{0E987CD0-609E-4406-90CE-163CF1D39E6D}.Release|Any CPU.ActiveCfg = Release|Any CPU
		{0E987CD0-609E-4406-90CE-163CF1D39E6D}.Release|Any CPU.Build.0 = Release|Any CPU
		{7EE09585-2AB6-4BCB-A593-DF8D6D830486}.Debug|Any CPU.ActiveCfg = Debug|Any CPU
		{7EE09585-2AB6-4BCB-A593-DF8D6D830486}.Debug|Any CPU.Build.0 = Debug|Any CPU
		{7EE09585-2AB6-4BCB-A593-DF8D6D830486}.Release|Any CPU.ActiveCfg = Release|Any CPU
		{7EE09585-2AB6-4BCB-A593-DF8D6D830486}.Release|Any CPU.Build.0 = Release|Any CPU
		{B4061962-9F9C-4FA3-847B-365DE7B0AE82}.Debug|Any CPU.ActiveCfg = Debug|Any CPU
		{B4061962-9F9C-4FA3-847B-365DE7B0AE82}.Debug|Any CPU.Build.0 = Debug|Any CPU
		{B4061962-9F9C-4FA3-847B-365DE7B0AE82}.Release|Any CPU.ActiveCfg = Release|Any CPU
		{B4061962-9F9C-4FA3-847B-365DE7B0AE82}.Release|Any CPU.Build.0 = Release|Any CPU
		{7F09486F-14C1-4913-BF70-D1A7B6287684}.Debug|Any CPU.ActiveCfg = Debug|Any CPU
		{7F09486F-14C1-4913-BF70-D1A7B6287684}.Debug|Any CPU.Build.0 = Debug|Any CPU
		{7F09486F-14C1-4913-BF70-D1A7B6287684}.Release|Any CPU.ActiveCfg = Release|Any CPU
		{7F09486F-14C1-4913-BF70-D1A7B6287684}.Release|Any CPU.Build.0 = Release|Any CPU
		{A0904FC8-62A3-47CA-8D67-D49537CFD28D}.Debug|Any CPU.ActiveCfg = Debug|Any CPU
		{A0904FC8-62A3-47CA-8D67-D49537CFD28D}.Debug|Any CPU.Build.0 = Debug|Any CPU
		{A0904FC8-62A3-47CA-8D67-D49537CFD28D}.Release|Any CPU.ActiveCfg = Release|Any CPU
		{A0904FC8-62A3-47CA-8D67-D49537CFD28D}.Release|Any CPU.Build.0 = Release|Any CPU
		{F09BE09F-AF46-4A5E-ACD9-DE3F91381140}.Debug|Any CPU.ActiveCfg = Debug|Any CPU
		{F09BE09F-AF46-4A5E-ACD9-DE3F91381140}.Debug|Any CPU.Build.0 = Debug|Any CPU
		{F09BE09F-AF46-4A5E-ACD9-DE3F91381140}.Release|Any CPU.ActiveCfg = Release|Any CPU
		{F09BE09F-AF46-4A5E-ACD9-DE3F91381140}.Release|Any CPU.Build.0 = Release|Any CPU
		{DCE1CC4D-C8E9-4DEA-AB26-7899E3E1BB26}.Debug|Any CPU.ActiveCfg = Debug|Any CPU
		{DCE1CC4D-C8E9-4DEA-AB26-7899E3E1BB26}.Debug|Any CPU.Build.0 = Debug|Any CPU
		{DCE1CC4D-C8E9-4DEA-AB26-7899E3E1BB26}.Release|Any CPU.ActiveCfg = Release|Any CPU
		{DCE1CC4D-C8E9-4DEA-AB26-7899E3E1BB26}.Release|Any CPU.Build.0 = Release|Any CPU
		{EFDA1C55-64BF-4916-9286-A1C2A9891A23}.Debug|Any CPU.ActiveCfg = Debug|Any CPU
		{EFDA1C55-64BF-4916-9286-A1C2A9891A23}.Debug|Any CPU.Build.0 = Debug|Any CPU
		{EFDA1C55-64BF-4916-9286-A1C2A9891A23}.Release|Any CPU.ActiveCfg = Release|Any CPU
		{EFDA1C55-64BF-4916-9286-A1C2A9891A23}.Release|Any CPU.Build.0 = Release|Any CPU
	EndGlobalSection
	GlobalSection(SolutionProperties) = preSolution
		HideSolutionNode = FALSE
	EndGlobalSection
	GlobalSection(NestedProjects) = preSolution
		{D4E477D2-8A3A-4008-BD80-C1DFDBD1AE54} = {EBC4BD4C-DDFA-48E8-9922-E519DA9B4C61}
		{8954DC40-29E8-4466-80D0-5E7A74C49773} = {EBC4BD4C-DDFA-48E8-9922-E519DA9B4C61}
		{83F85E00-E7D9-4286-999F-7FFE76C37595} = {EBC4BD4C-DDFA-48E8-9922-E519DA9B4C61}
		{CF6091F8-6057-46E8-9308-BA14DFD34046} = {EBC4BD4C-DDFA-48E8-9922-E519DA9B4C61}
		{F63430FA-E372-4B07-8E12-379DB36703E1} = {EBC4BD4C-DDFA-48E8-9922-E519DA9B4C61}
		{0E987CD0-609E-4406-90CE-163CF1D39E6D} = {EBC4BD4C-DDFA-48E8-9922-E519DA9B4C61}
		{7EE09585-2AB6-4BCB-A593-DF8D6D830486} = {EBC4BD4C-DDFA-48E8-9922-E519DA9B4C61}
		{B4061962-9F9C-4FA3-847B-365DE7B0AE82} = {EBC4BD4C-DDFA-48E8-9922-E519DA9B4C61}
		{7F09486F-14C1-4913-BF70-D1A7B6287684} = {EBC4BD4C-DDFA-48E8-9922-E519DA9B4C61}
		{A0904FC8-62A3-47CA-8D67-D49537CFD28D} = {EBC4BD4C-DDFA-48E8-9922-E519DA9B4C61}
		{EFDA1C55-64BF-4916-9286-A1C2A9891A23} = {EBC4BD4C-DDFA-48E8-9922-E519DA9B4C61}
	EndGlobalSection
	GlobalSection(ExtensibilityGlobals) = postSolution
		SolutionGuid = {50D7811A-319B-4100-B0E5-2C3FA590E096}
	EndGlobalSection
EndGlobal
